{
  "version": 1,
  "dependencies": {
    "net10.0-windows7.0": {
      "CSVFile": {
        "type": "Direct",
        "requested": "[3.2.0, )",
        "resolved": "3.2.0",
        "contentHash": "sEVTg2rdBomJbh5bKCQqBtTgA0ojnkMab/hGwQ73UWy20n8jcJTLZ2dDKmnKPD0kTHMEeJK9TXpCgHn+RMcBYg=="
      },
      "CsvHelper": {
        "type": "Direct",
        "requested": "[30.0.1, )",
        "resolved": "30.0.1",
        "contentHash": "rcZtgbWR+As4G3Vpgx0AMNmShGuQLFjkHAPIIflzrfkJCx8/AOd4m96ZRmiU1Wi39qS5UVjV0P8qdgqOo5Cwyg=="
      },
      "DalamudPackager": {
        "type": "Direct",
        "requested": "[14.0.0, )",
        "resolved": "14.0.0",
        "contentHash": "9c1q/eAeAs82mkQWBOaCvbt3GIQxAIadz5b/7pCXDIy9nHPtnRc+tDXEvKR+M36Wvi7n+qBTevRupkLUQp6DFA=="
      },
      "DotNet.ReproducibleBuilds": {
        "type": "Direct",
        "requested": "[1.2.39, )",
        "resolved": "1.2.39",
        "contentHash": "fcFN01tDTIQqDuTwr1jUQK/geofiwjG5DycJQOnC72i1SsLAk1ELe+apBOuZ11UMQG8YKFZG1FgvjZPbqHyatg=="
      },
      "LuminaSupplemental.Excel": {
        "type": "Direct",
        "requested": "[3.0.5, )",
        "resolved": "3.0.5",
        "contentHash": "wcsIHasdWJy0BqIdQV5Wqj5pq2f9ZbNmVU7rT61ZYpba/rur0/RpMVPeetn8tFTNLJvzPUbp0BVzEBsFujaVtg==",
        "dependencies": {
          "CSVFile": "3.2.0",
          "CsvHelper": "30.0.1",
          "Sylvan.Data.Csv": "1.3.9"
        }
      },
      "Sylvan.Data.Csv": {
        "type": "Transitive",
        "resolved": "1.3.9",
        "contentHash": "ej6VghLaUn5/GK6jGFvd5aHn3Wue+Yp2tpmyI507PBRb/lFA6WAPS+3yKGr5wtFzh0zaE53CnCxhjc0ZW8xu3g=="
      }
    }
  }
}